// !$*UTF8*$!
{
	archiveVersion = 1;
	classes = {
	};
	objectVersion = 50;
	objects = {

/* Begin PBXBuildFile section */
		19EF158C26808F01008456C1 /* TMDBSwiftUIAppApp.swift in Sources */ = {isa = PBXBuildFile; fileRef = 19EF158B26808F01008456C1 /* TMDBSwiftUIAppApp.swift */; };
		19EF158E26808F01008456C1 /* ContentView.swift in Sources */ = {isa = PBXBuildFile; fileRef = 19EF158D26808F01008456C1 /* ContentView.swift */; };
		19EF159026808F04008456C1 /* Assets.xcassets in Resources */ = {isa = PBXBuildFile; fileRef = 19EF158F26808F04008456C1 /* Assets.xcassets */; };
		19EF159326808F04008456C1 /* Preview Assets.xcassets in Resources */ = {isa = PBXBuildFile; fileRef = 19EF159226808F04008456C1 /* Preview Assets.xcassets */; };
		19EF159D26809017008456C1 /* Movie.swift in Sources */ = {isa = PBXBuildFile; fileRef = 19EF159C26809017008456C1 /* Movie.swift */; };
		19EF15A226809097008456C1 /* MovieServices.swift in Sources */ = {isa = PBXBuildFile; fileRef = 19EF15A126809097008456C1 /* MovieServices.swift */; };
		19EF15A626809554008456C1 /* MovieStore.swift in Sources */ = {isa = PBXBuildFile; fileRef = 19EF15A526809554008456C1 /* MovieStore.swift */; };
		19EF15A926809579008456C1 /* Utils.swift in Sources */ = {isa = PBXBuildFile; fileRef = 19EF15A826809579008456C1 /* Utils.swift */; };
		19EF163E26831535008456C1 /* Movie+Stub.swift in Sources */ = {isa = PBXBuildFile; fileRef = 19EF163D26831535008456C1 /* Movie+Stub.swift */; };
		D58C9D0528DBA64200009D56 /* search_movie.json in Resources */ = {isa = PBXBuildFile; fileRef = D58C9D0228DBA64200009D56 /* search_movie.json */; };
		D58C9D0628DBA64200009D56 /* movie_list.json in Resources */ = {isa = PBXBuildFile; fileRef = D58C9D0328DBA64200009D56 /* movie_list.json */; };
		D58C9D0728DBA64200009D56 /* movie_info.json in Resources */ = {isa = PBXBuildFile; fileRef = D58C9D0428DBA64200009D56 /* movie_info.json */; };
/* End PBXBuildFile section */

/* Begin PBXFileReference section */
		19EF158826808F01008456C1 /* TMDBSwiftUIApp.app */ = {isa = PBXFileReference; explicitFileType = wrapper.application; includeInIndex = 0; path = TMDBSwiftUIApp.app; sourceTree = BUILT_PRODUCTS_DIR; };
		19EF158B26808F01008456C1 /* TMDBSwiftUIAppApp.swift */ = {isa = PBXFileReference; lastKnownFileType = sourcecode.swift; path = TMDBSwiftUIAppApp.swift; sourceTree = "<group>"; };
		19EF158D26808F01008456C1 /* ContentView.swift */ = {isa = PBXFileReference; lastKnownFileType = sourcecode.swift; path = ContentView.swift; sourceTree = "<group>"; };
		19EF158F26808F04008456C1 /* Assets.xcassets */ = {isa = PBXFileReference; lastKnownFileType = folder.assetcatalog; path = Assets.xcassets; sourceTree = "<group>"; };
		19EF159226808F04008456C1 /* Preview Assets.xcassets */ = {isa = PBXFileReference; lastKnownFileType = folder.assetcatalog; path = "Preview Assets.xcassets"; sourceTree = "<group>"; };
		19EF159426808F04008456C1 /* Info.plist */ = {isa = PBXFileReference; lastKnownFileType = text.plist.xml; path = Info.plist; sourceTree = "<group>"; };
		19EF159C26809017008456C1 /* Movie.swift */ = {isa = PBXFileReference; lastKnownFileType = sourcecode.swift; path = Movie.swift; sourceTree = "<group>"; };
		19EF15A126809097008456C1 /* MovieServices.swift */ = {isa = PBXFileReference; lastKnownFileType = sourcecode.swift; path = MovieServices.swift; sourceTree = "<group>"; };
		19EF15A526809554008456C1 /* MovieStore.swift */ = {isa = PBXFileReference; lastKnownFileType = sourcecode.swift; path = MovieStore.swift; sourceTree = "<group>"; };
		19EF15A826809579008456C1 /* Utils.swift */ = {isa = PBXFileReference; lastKnownFileType = sourcecode.swift; path = Utils.swift; sourceTree = "<group>"; };
		19EF163D26831535008456C1 /* Movie+Stub.swift */ = {isa = PBXFileReference; lastKnownFileType = sourcecode.swift; path = "Movie+Stub.swift"; sourceTree = "<group>"; };
		D58C9D0228DBA64200009D56 /* search_movie.json */ = {isa = PBXFileReference; fileEncoding = 4; lastKnownFileType = text.json; path = search_movie.json; sourceTree = "<group>"; };
		D58C9D0328DBA64200009D56 /* movie_list.json */ = {isa = PBXFileReference; fileEncoding = 4; lastKnownFileType = text.json; path = movie_list.json; sourceTree = "<group>"; };
		D58C9D0428DBA64200009D56 /* movie_info.json */ = {isa = PBXFileReference; fileEncoding = 4; lastKnownFileType = text.json; path = movie_info.json; sourceTree = "<group>"; };
/* End PBXFileReference section */

/* Begin PBXFrameworksBuildPhase section */
		19EF158526808F01008456C1 /* Frameworks */ = {
			isa = PBXFrameworksBuildPhase;
			buildActionMask = 2147483647;
			files = (
			);
			runOnlyForDeploymentPostprocessing = 0;
		};
/* End PBXFrameworksBuildPhase section */

/* Begin PBXGroup section */
		19EF157F26808F01008456C1 = {
			isa = PBXGroup;
			children = (
				19EF158A26808F01008456C1 /* TMDBSwiftUIApp */,
				19EF158926808F01008456C1 /* Products */,
			);
			sourceTree = "<group>";
		};
		19EF158926808F01008456C1 /* Products */ = {
			isa = PBXGroup;
			children = (
				19EF158826808F01008456C1 /* TMDBSwiftUIApp.app */,
			);
			name = Products;
			sourceTree = "<group>";
		};
		19EF158A26808F01008456C1 /* TMDBSwiftUIApp */ = {
			isa = PBXGroup;
			children = (
				19EF164026831566008456C1 /* Resources */,
				19EF15A026809089008456C1 /* Services */,
				19EF159B26808FF9008456C1 /* Models */,
				19EF158B26808F01008456C1 /* TMDBSwiftUIAppApp.swift */,
				19EF158D26808F01008456C1 /* ContentView.swift */,
				19EF158F26808F04008456C1 /* Assets.xcassets */,
				19EF159426808F04008456C1 /* Info.plist */,
				19EF159126808F04008456C1 /* Preview Content */,
			);
			path = TMDBSwiftUIApp;
			sourceTree = "<group>";
		};
		19EF159126808F04008456C1 /* Preview Content */ = {
			isa = PBXGroup;
			children = (
				19EF159226808F04008456C1 /* Preview Assets.xcassets */,
			);
			path = "Preview Content";
			sourceTree = "<group>";
		};
		19EF159B26808FF9008456C1 /* Models */ = {
			isa = PBXGroup;
			children = (
				19EF159C26809017008456C1 /* Movie.swift */,
				19EF163D26831535008456C1 /* Movie+Stub.swift */,
			);
			path = Models;
			sourceTree = "<group>";
		};
		19EF15A026809089008456C1 /* Services */ = {
			isa = PBXGroup;
			children = (
				19EF15A126809097008456C1 /* MovieServices.swift */,
				19EF15A526809554008456C1 /* MovieStore.swift */,
				19EF15A826809579008456C1 /* Utils.swift */,
			);
			path = Services;
			sourceTree = "<group>";
		};
		19EF164026831566008456C1 /* Resources */ = {
			isa = PBXGroup;
			children = (
				D58C9D0428DBA64200009D56 /* movie_info.json */,
				D58C9D0328DBA64200009D56 /* movie_list.json */,
				D58C9D0228DBA64200009D56 /* search_movie.json */,
			);
			path = Resources;
			sourceTree = "<group>";
		};
/* End PBXGroup section */

/* Begin PBXNativeTarget section */
		19EF158726808F01008456C1 /* TMDBSwiftUIApp */ = {
			isa = PBXNativeTarget;
			buildConfigurationList = 19EF159726808F04008456C1 /* Build configuration list for PBXNativeTarget "TMDBSwiftUIApp" */;
			buildPhases = (
				19EF158426808F01008456C1 /* Sources */,
				19EF158526808F01008456C1 /* Frameworks */,
				19EF158626808F01008456C1 /* Resources */,
			);
			buildRules = (
			);
			dependencies = (
			);
			name = TMDBSwiftUIApp;
			productName = TMDBSwiftUIApp;
			productReference = 19EF158826808F01008456C1 /* TMDBSwiftUIApp.app */;
			productType = "com.apple.product-type.application";
		};
/* End PBXNativeTarget section */

/* Begin PBXProject section */
		19EF158026808F01008456C1 /* Project object */ = {
			isa = PBXProject;
			attributes = {
				LastSwiftUpdateCheck = 1240;
				LastUpgradeCheck = 1240;
				TargetAttributes = {
					19EF158726808F01008456C1 = {
						CreatedOnToolsVersion = 12.4;
					};
				};
			};
			buildConfigurationList = 19EF158326808F01008456C1 /* Build configuration list for PBXProject "TMDBSwiftUIApp" */;
			compatibilityVersion = "Xcode 9.3";
			developmentRegion = en;
			hasScannedForEncodings = 0;
			knownRegions = (
				en,
				Base,
			);
			mainGroup = 19EF157F26808F01008456C1;
			productRefGroup = 19EF158926808F01008456C1 /* Products */;
			projectDirPath = "";
			projectRoot = "";
			targets = (
				19EF158726808F01008456C1 /* TMDBSwiftUIApp */,
			);
		};
/* End PBXProject section */

/* Begin PBXResourcesBuildPhase section */
		19EF158626808F01008456C1 /* Resources */ = {
			isa = PBXResourcesBuildPhase;
			buildActionMask = 2147483647;
			files = (
				D58C9D0628DBA64200009D56 /* movie_list.json in Resources */,
				D58C9D0528DBA64200009D56 /* search_movie.json in Resources */,
				D58C9D0728DBA64200009D56 /* movie_info.json in Resources */,
				19EF159326808F04008456C1 /* Preview Assets.xcassets in Resources */,
				19EF159026808F04008456C1 /* Assets.xcassets in Resources */,
			);
			runOnlyForDeploymentPostprocessing = 0;
		};
/* End PBXResourcesBuildPhase section */

/* Begin PBXSourcesBuildPhase section */
		19EF158426808F01008456C1 /* Sources */ = {
			isa = PBXSourcesBuildPhase;
			buildActionMask = 2147483647;
			files = (
				19EF158E26808F01008456C1 /* ContentView.swift in Sources */,
				19EF158C26808F01008456C1 /* TMDBSwiftUIAppApp.swift in Sources */,
				19EF15A226809097008456C1 /* MovieServices.swift in Sources */,
				19EF163E26831535008456C1 /* Movie+Stub.swift in Sources */,
				19EF159D26809017008456C1 /* Movie.swift in Sources */,
				19EF15A626809554008456C1 /* MovieStore.swift in Sources */,
				19EF15A926809579008456C1 /* Utils.swift in Sources */,
			);
			runOnlyForDeploymentPostprocessing = 0;
		};
/* End PBXSourcesBuildPhase section */

/* Begin XCBuildConfiguration section */
		19EF159526808F04008456C1 /* Debug */ = {
			isa = XCBuildConfiguration;
			buildSettings = {
				ALWAYS_SEARCH_USER_PATHS = NO;
				CLANG_ANALYZER_NONNULL = YES;
				CLANG_ANALYZER_NUMBER_OBJECT_CONVERSION = YES_AGGRESSIVE;
				CLANG_CXX_LANGUAGE_STANDARD = "gnu++14";
				CLANG_CXX_LIBRARY = "libc++";
				CLANG_ENABLE_MODULES = YES;
				CLANG_ENABLE_OBJC_ARC = YES;
				CLANG_ENABLE_OBJC_WEAK = YES;
				CLANG_WARN_BLOCK_CAPTURE_AUTORELEASING = YES;
				CLANG_WARN_BOOL_CONVERSION = YES;
				CLANG_WARN_COMMA = YES;
				CLANG_WARN_CONSTANT_CONVERSION = YES;
				CLANG_WARN_DEPRECATED_OBJC_IMPLEMENTATIONS = YES;
				CLANG_WARN_DIRECT_OBJC_ISA_USAGE = YES_ERROR;
				CLANG_WARN_DOCUMENTATION_COMMENTS = YES;
				CLANG_WARN_EMPTY_BODY = YES;
				CLANG_WARN_ENUM_CONVERSION = YES;
				CLANG_WARN_INFINITE_RECURSION = YES;
				CLANG_WARN_INT_CONVERSION = YES;
				CLANG_WARN_NON_LITERAL_NULL_CONVERSION = YES;
				CLANG_WARN_OBJC_IMPLICIT_RETAIN_SELF = YES;
				CLANG_WARN_OBJC_LITERAL_CONVERSION = YES;
				CLANG_WARN_OBJC_ROOT_CLASS = YES_ERROR;
				CLANG_WARN_QUOTED_INCLUDE_IN_FRAMEWORK_HEADER = YES;
				CLANG_WARN_RANGE_LOOP_ANALYSIS = YES;
				CLANG_WARN_STRICT_PROTOTYPES = YES;
				CLANG_WARN_SUSPICIOUS_MOVE = YES;
				CLANG_WARN_UNGUARDED_AVAILABILITY = YES_AGGRESSIVE;
				CLANG_WARN_UNREACHABLE_CODE = YES;
				CLANG_WARN__DUPLICATE_METHOD_MATCH = YES;
				COPY_PHASE_STRIP = NO;
				DEBUG_INFORMATION_FORMAT = dwarf;
				ENABLE_STRICT_OBJC_MSGSEND = YES;
				ENABLE_TESTABILITY = YES;
				GCC_C_LANGUAGE_STANDARD = gnu11;
				GCC_DYNAMIC_NO_PIC = NO;
				GCC_NO_COMMON_BLOCKS = YES;
				GCC_OPTIMIZATION_LEVEL = 0;
				GCC_PREPROCESSOR_DEFINITIONS = (
					"DEBUG=1",
					"$(inherited)",
				);
				GCC_WARN_64_TO_32_BIT_CONVERSION = YES;
				GCC_WARN_ABOUT_RETURN_TYPE = YES_ERROR;
				GCC_WARN_UNDECLARED_SELECTOR = YES;
				GCC_WARN_UNINITIALIZED_AUTOS = YES_AGGRESSIVE;
				GCC_WARN_UNUSED_FUNCTION = YES;
				GCC_WARN_UNUSED_VARIABLE = YES;
				IPHONEOS_DEPLOYMENT_TARGET = 14.4;
				MTL_ENABLE_DEBUG_INFO = INCLUDE_SOURCE;
				MTL_FAST_MATH = YES;
				ONLY_ACTIVE_ARCH = YES;
				SDKROOT = iphoneos;
				SWIFT_ACTIVE_COMPILATION_CONDITIONS = DEBUG;
				SWIFT_OPTIMIZATION_LEVEL = "-Onone";
			};
			name = Debug;
		};
		19EF159626808F04008456C1 /* Release */ = {
			isa = XCBuildConfiguration;
			buildSettings = {
				ALWAYS_SEARCH_USER_PATHS = NO;
				CLANG_ANALYZER_NONNULL = YES;
				CLANG_ANALYZER_NUMBER_OBJECT_CONVERSION = YES_AGGRESSIVE;
				CLANG_CXX_LANGUAGE_STANDARD = "gnu++14";
				CLANG_CXX_LIBRARY = "libc++";
				CLANG_ENABLE_MODULES = YES;
				CLANG_ENABLE_OBJC_ARC = YES;
				CLANG_ENABLE_OBJC_WEAK = YES;
				CLANG_WARN_BLOCK_CAPTURE_AUTORELEASING = YES;
				CLANG_WARN_BOOL_CONVERSION = YES;
				CLANG_WARN_COMMA = YES;
				CLANG_WARN_CONSTANT_CONVERSION = YES;
				CLANG_WARN_DEPRECATED_OBJC_IMPLEMENTATIONS = YES;
				CLANG_WARN_DIRECT_OBJC_ISA_USAGE = YES_ERROR;
				CLANG_WARN_DOCUMENTATION_COMMENTS = YES;
				CLANG_WARN_EMPTY_BODY = YES;
				CLANG_WARN_ENUM_CONVERSION = YES;
				CLANG_WARN_INFINITE_RECURSION = YES;
				CLANG_WARN_INT_CONVERSION = YES;
				CLANG_WARN_NON_LITERAL_NULL_CONVERSION = YES;
				CLANG_WARN_OBJC_IMPLICIT_RETAIN_SELF = YES;
				CLANG_WARN_OBJC_LITERAL_CONVERSION = YES;
				CLANG_WARN_OBJC_ROOT_CLASS = YES_ERROR;
				CLANG_WARN_QUOTED_INCLUDE_IN_FRAMEWORK_HEADER = YES;
				CLANG_WARN_RANGE_LOOP_ANALYSIS = YES;
				CLANG_WARN_STRICT_PROTOTYPES = YES;
				CLANG_WARN_SUSPICIOUS_MOVE = YES;
				CLANG_WARN_UNGUARDED_AVAILABILITY = YES_AGGRESSIVE;
				CLANG_WARN_UNREACHABLE_CODE = YES;
				CLANG_WARN__DUPLICATE_METHOD_MATCH = YES;
				COPY_PHASE_STRIP = NO;
				DEBUG_INFORMATION_FORMAT = "dwarf-with-dsym";
				ENABLE_NS_ASSERTIONS = NO;
				ENABLE_STRICT_OBJC_MSGSEND = YES;
				GCC_C_LANGUAGE_STANDARD = gnu11;
				GCC_NO_COMMON_BLOCKS = YES;
				GCC_WARN_64_TO_32_BIT_CONVERSION = YES;
				GCC_WARN_ABOUT_RETURN_TYPE = YES_ERROR;
				GCC_WARN_UNDECLARED_SELECTOR = YES;
				GCC_WARN_UNINITIALIZED_AUTOS = YES_AGGRESSIVE;
				GCC_WARN_UNUSED_FUNCTION = YES;
				GCC_WARN_UNUSED_VARIABLE = YES;
				IPHONEOS_DEPLOYMENT_TARGET = 14.4;
				MTL_ENABLE_DEBUG_INFO = NO;
				MTL_FAST_MATH = YES;
				SDKROOT = iphoneos;
				SWIFT_COMPILATION_MODE = wholemodule;
				SWIFT_OPTIMIZATION_LEVEL = "-O";
				VALIDATE_PRODUCT = YES;
			};
			name = Release;
		};
		19EF159826808F04008456C1 /* Debug */ = {
			isa = XCBuildConfiguration;
			buildSettings = {
				ASSETCATALOG_COMPILER_APPICON_NAME = AppIcon;
				ASSETCATALOG_COMPILER_GLOBAL_ACCENT_COLOR_NAME = AccentColor;
				CODE_SIGN_STYLE = Automatic;
				DEVELOPMENT_ASSET_PATHS = "\"TMDBSwiftUIApp/Preview Content\"";
				ENABLE_PREVIEWS = YES;
				INFOPLIST_FILE = TMDBSwiftUIApp/Info.plist;
				IPHONEOS_DEPLOYMENT_TARGET = 14.0;
				LD_RUNPATH_SEARCH_PATHS = (
					"$(inherited)",
					"@executable_path/Frameworks",
				);
				PRODUCT_BUNDLE_IDENTIFIER = com.irtazafayaz.TMDBSwiftUIApp;
				PRODUCT_NAME = "$(TARGET_NAME)";
				SWIFT_VERSION = 5.0;
				TARGETED_DEVICE_FAMILY = "1,2";
			};
			name = Debug;
		};
		19EF159926808F04008456C1 /* Release */ = {
			isa = XCBuildConfiguration;
			buildSettings = {
				ASSETCATALOG_COMPILER_APPICON_NAME = AppIcon;
				ASSETCATALOG_COMPILER_GLOBAL_ACCENT_COLOR_NAME = AccentColor;
				CODE_SIGN_STYLE = Automatic;
				DEVELOPMENT_ASSET_PATHS = "\"TMDBSwiftUIApp/Preview Content\"";
				ENABLE_PREVIEWS = YES;
				INFOPLIST_FILE = TMDBSwiftUIApp/Info.plist;
				IPHONEOS_DEPLOYMENT_TARGET = 14.0;
				LD_RUNPATH_SEARCH_PATHS = (
					"$(inherited)",
					"@executable_path/Frameworks",
				);
				PRODUCT_BUNDLE_IDENTIFIER = com.irtazafayaz.TMDBSwiftUIApp;
				PRODUCT_NAME = "$(TARGET_NAME)";
				SWIFT_VERSION = 5.0;
				TARGETED_DEVICE_FAMILY = "1,2";
			};
			name = Release;
		};
/* End XCBuildConfiguration section */

/* Begin XCConfigurationList section */
		19EF158326808F01008456C1 /* Build configuration list for PBXProject "TMDBSwiftUIApp" */ = {
			isa = XCConfigurationList;
			buildConfigurations = (
				19EF159526808F04008456C1 /* Debug */,
				19EF159626808F04008456C1 /* Release */,
			);
			defaultConfigurationIsVisible = 0;
			defaultConfigurationName = Release;
		};
		19EF159726808F04008456C1 /* Build configuration list for PBXNativeTarget "TMDBSwiftUIApp" */ = {
			isa = XCConfigurationList;
			buildConfigurations = (
				19EF159826808F04008456C1 /* Debug */,
				19EF159926808F04008456C1 /* Release */,
			);
			defaultConfigurationIsVisible = 0;
			defaultConfigurationName = Release;
		};
/* End XCConfigurationList section */
	};
	rootObject = 19EF158026808F01008456C1 /* Project object */;
}
